{
  "name": "check-wormhole-airdrop",
  "version": "1.0.0",
  "lockfileVersion": 3,
  "requires": true,
  "packages": {
    "": {
      "name": "check-wormhole-airdrop",
      "version": "1.0.0",
      "license": "ISC",
      "dependencies": {
        "str-hex-utils": "^1.0.1"
      }
    },
    "node_modules/str-hex-utils": {
      "version": "1.0.1",
      "resolved": "https://registry.npmjs.org/str-hex-utils/-/str-hex-utils-1.0.1.tgz",
      "integrity": "sha512-E5f/HLIeDEnURkkeUuopRVENSBh5Fkb2qx17CkUG/1xhZp0HkeXu02y5eNoir0q2h9rzPES71o+S1UnYhZZRYA=="
    }
  }
}
